DEPENDENCIES
  elkr
    path: .
    metadata: true

GRAPH
  apt (5.0.0)
    compat_resource (>= 12.14.7)
  ark (2.0.2)
    build-essential (>= 0.0.0)
    seven_zip (>= 0.0.0)
    windows (>= 0.0.0)
  build-essential (7.0.2)
    compat_resource (>= 12.14)
    mingw (>= 1.1)
    seven_zip (>= 0.0.0)
  chef-sugar (3.4.0)
  compat_resource (12.16.1)
  elasticsearch (3.0.1)
    apt (>= 0.0.0)
    ark (>= 0.0.0)
    chef-sugar (>= 0.0.0)
    yum (>= 0.0.0)
  elkr (0.1.0)
    elasticsearch (~> 3.0.1)
    firewall (~> 2.5)
    httpd (~> 0.4)
    ntp (~> 3.2.0)
    selinux (~> 0.9)
  firewall (2.5.3)
    chef-sugar (>= 0.0.0)
  httpd (0.4.4)
    compat_resource (>= 12.14.6)
  mingw (1.2.4)
    compat_resource (>= 0.0.0)
    seven_zip (>= 0.0.0)
  ntp (3.2.0)
  selinux (0.9.0)
  seven_zip (2.0.2)
    windows (>= 1.2.2)
  windows (2.0.2)
  yum (4.1.0)
